
Microsoft Visual Studio Solution File, Format Version 12.00
Project("{FAE04EC0-301F-11D3-BF4B-00C04F79EFBC}") = "PlayCade.Common", "PlayCade.Common\PlayCade.Common.csproj", "{3726C7C1-5CA6-4375-BB3E-34E2E35166FE}"
EndProject
Global
	GlobalSection(SolutionConfigurationPlatforms) = preSolution
		Debug|Any CPU = Debug|Any CPU
		Release|Any CPU = Release|Any CPU
	EndGlobalSection
	GlobalSection(ProjectConfigurationPlatforms) = postSolution
		{3726C7C1-5CA6-4375-BB3E-34E2E35166FE}.Debug|Any CPU.ActiveCfg = Debug|Any CPU
		{3726C7C1-5CA6-4375-BB3E-34E2E35166FE}.Debug|Any CPU.Build.0 = Debug|Any CPU
		{3726C7C1-5CA6-4375-BB3E-34E2E35166FE}.Release|Any CPU.ActiveCfg = Release|Any CPU
		{3726C7C1-5CA6-4375-BB3E-34E2E35166FE}.Release|Any CPU.Build.0 = Release|Any CPU
	EndGlobalSection
EndGlobal
